
Microsoft Visual Studio Solution File, Format Version 12.00
# Visual Studio Version 17
VisualStudioVersion = 17.0.31903.59
MinimumVisualStudioVersion = 10.0.40219.1
Project("{2150E333-8FDC-42A3-9474-1A3956D46DE8}") = "src", "src", "{827E0CD3-B72D-47B6-A68D-7590B98EB39B}"
EndProject
Project("{FAE04EC0-301F-11D3-BF4B-00C04F79EFBC}") = "Atm.Domain", "src\Atm.Domain\Atm.Domain.csproj", "{2FE087B4-F2EE-4E41-80C8-5501061B960E}"
EndProject
Project("{FAE04EC0-301F-11D3-BF4B-00C04F79EFBC}") = "Atm.Application", "src\Atm.Application\Atm.Application.csproj", "{111B6CDA-15E8-407A-8398-8B4EFE9BCDC2}"
EndProject
Project("{FAE04EC0-301F-11D3-BF4B-00C04F79EFBC}") = "Atm.Infrastructure", "src\Atm.Infrastructure\Atm.Infrastructure.csproj", "{4106FEDC-E077-4EC2-885D-A0BF1D44A4C5}"
EndProject
Project("{FAE04EC0-301F-11D3-BF4B-00C04F79EFBC}") = "Atm.Api", "src\Atm.Api\Atm.Api.csproj", "{4CBA24B5-39B8-43DD-B7BA-C29D53316DDE}"
EndProject
Project("{2150E333-8FDC-42A3-9474-1A3956D46DE8}") = "tests", "tests", "{0AB3BF05-4346-4AA6-1389-037BE0695223}"
EndProject
Project("{FAE04EC0-301F-11D3-BF4B-00C04F79EFBC}") = "Atm.UnitTests", "tests\Atm.UnitTests\Atm.UnitTests.csproj", "{1906056D-2EA7-4C2E-BF94-1FE293954980}"
EndProject
Global
	GlobalSection(SolutionConfigurationPlatforms) = preSolution
		Debug|Any CPU = Debug|Any CPU
		Debug|x64 = Debug|x64
		Debug|x86 = Debug|x86
		Release|Any CPU = Release|Any CPU
		Release|x64 = Release|x64
		Release|x86 = Release|x86
	EndGlobalSection
	GlobalSection(ProjectConfigurationPlatforms) = postSolution
		{2FE087B4-F2EE-4E41-80C8-5501061B960E}.Debug|Any CPU.ActiveCfg = Debug|Any CPU
		{2FE087B4-F2EE-4E41-80C8-5501061B960E}.Debug|Any CPU.Build.0 = Debug|Any CPU
		{2FE087B4-F2EE-4E41-80C8-5501061B960E}.Debug|x64.ActiveCfg = Debug|Any CPU
		{2FE087B4-F2EE-4E41-80C8-5501061B960E}.Debug|x64.Build.0 = Debug|Any CPU
		{2FE087B4-F2EE-4E41-80C8-5501061B960E}.Debug|x86.ActiveCfg = Debug|Any CPU
		{2FE087B4-F2EE-4E41-80C8-5501061B960E}.Debug|x86.Build.0 = Debug|Any CPU
		{2FE087B4-F2EE-4E41-80C8-5501061B960E}.Release|Any CPU.ActiveCfg = Release|Any CPU
		{2FE087B4-F2EE-4E41-80C8-5501061B960E}.Release|Any CPU.Build.0 = Release|Any CPU
		{2FE087B4-F2EE-4E41-80C8-5501061B960E}.Release|x64.ActiveCfg = Release|Any CPU
		{2FE087B4-F2EE-4E41-80C8-5501061B960E}.Release|x64.Build.0 = Release|Any CPU
		{2FE087B4-F2EE-4E41-80C8-5501061B960E}.Release|x86.ActiveCfg = Release|Any CPU
		{2FE087B4-F2EE-4E41-80C8-5501061B960E}.Release|x86.Build.0 = Release|Any CPU
		{111B6CDA-15E8-407A-8398-8B4EFE9BCDC2}.Debug|Any CPU.ActiveCfg = Debug|Any CPU
		{111B6CDA-15E8-407A-8398-8B4EFE9BCDC2}.Debug|Any CPU.Build.0 = Debug|Any CPU
		{111B6CDA-15E8-407A-8398-8B4EFE9BCDC2}.Debug|x64.ActiveCfg = Debug|Any CPU
		{111B6CDA-15E8-407A-8398-8B4EFE9BCDC2}.Debug|x64.Build.0 = Debug|Any CPU
		{111B6CDA-15E8-407A-8398-8B4EFE9BCDC2}.Debug|x86.ActiveCfg = Debug|Any CPU
		{111B6CDA-15E8-407A-8398-8B4EFE9BCDC2}.Debug|x86.Build.0 = Debug|Any CPU
		{111B6CDA-15E8-407A-8398-8B4EFE9BCDC2}.Release|Any CPU.ActiveCfg = Release|Any CPU
		{111B6CDA-15E8-407A-8398-8B4EFE9BCDC2}.Release|Any CPU.Build.0 = Release|Any CPU
		{111B6CDA-15E8-407A-8398-8B4EFE9BCDC2}.Release|x64.ActiveCfg = Release|Any CPU
		{111B6CDA-15E8-407A-8398-8B4EFE9BCDC2}.Release|x64.Build.0 = Release|Any CPU
		{111B6CDA-15E8-407A-8398-8B4EFE9BCDC2}.Release|x86.ActiveCfg = Release|Any CPU
		{111B6CDA-15E8-407A-8398-8B4EFE9BCDC2}.Release|x86.Build.0 = Release|Any CPU
		{4106FEDC-E077-4EC2-885D-A0BF1D44A4C5}.Debug|Any CPU.ActiveCfg = Debug|Any CPU
		{4106FEDC-E077-4EC2-885D-A0BF1D44A4C5}.Debug|Any CPU.Build.0 = Debug|Any CPU
		{4106FEDC-E077-4EC2-885D-A0BF1D44A4C5}.Debug|x64.ActiveCfg = Debug|Any CPU
		{4106FEDC-E077-4EC2-885D-A0BF1D44A4C5}.Debug|x64.Build.0 = Debug|Any CPU
		{4106FEDC-E077-4EC2-885D-A0BF1D44A4C5}.Debug|x86.ActiveCfg = Debug|Any CPU
		{4106FEDC-E077-4EC2-885D-A0BF1D44A4C5}.Debug|x86.Build.0 = Debug|Any CPU
		{4106FEDC-E077-4EC2-885D-A0BF1D44A4C5}.Release|Any CPU.ActiveCfg = Release|Any CPU
		{4106FEDC-E077-4EC2-885D-A0BF1D44A4C5}.Release|Any CPU.Build.0 = Release|Any CPU
		{4106FEDC-E077-4EC2-885D-A0BF1D44A4C5}.Release|x64.ActiveCfg = Release|Any CPU
		{4106FEDC-E077-4EC2-885D-A0BF1D44A4C5}.Release|x64.Build.0 = Release|Any CPU
		{4106FEDC-E077-4EC2-885D-A0BF1D44A4C5}.Release|x86.ActiveCfg = Release|Any CPU
		{4106FEDC-E077-4EC2-885D-A0BF1D44A4C5}.Release|x86.Build.0 = Release|Any CPU
		{4CBA24B5-39B8-43DD-B7BA-C29D53316DDE}.Debug|Any CPU.ActiveCfg = Debug|Any CPU
		{4CBA24B5-39B8-43DD-B7BA-C29D53316DDE}.Debug|Any CPU.Build.0 = Debug|Any CPU
		{4CBA24B5-39B8-43DD-B7BA-C29D53316DDE}.Debug|x64.ActiveCfg = Debug|Any CPU
		{4CBA24B5-39B8-43DD-B7BA-C29D53316DDE}.Debug|x64.Build.0 = Debug|Any CPU
		{4CBA24B5-39B8-43DD-B7BA-C29D53316DDE}.Debug|x86.ActiveCfg = Debug|Any CPU
		{4CBA24B5-39B8-43DD-B7BA-C29D53316DDE}.Debug|x86.Build.0 = Debug|Any CPU
		{4CBA24B5-39B8-43DD-B7BA-C29D53316DDE}.Release|Any CPU.ActiveCfg = Release|Any CPU
		{4CBA24B5-39B8-43DD-B7BA-C29D53316DDE}.Release|Any CPU.Build.0 = Release|Any CPU
		{4CBA24B5-39B8-43DD-B7BA-C29D53316DDE}.Release|x64.ActiveCfg = Release|Any CPU
		{4CBA24B5-39B8-43DD-B7BA-C29D53316DDE}.Release|x64.Build.0 = Release|Any CPU
		{4CBA24B5-39B8-43DD-B7BA-C29D53316DDE}.Release|x86.ActiveCfg = Release|Any CPU
		{4CBA24B5-39B8-43DD-B7BA-C29D53316DDE}.Release|x86.Build.0 = Release|Any CPU
		{1906056D-2EA7-4C2E-BF94-1FE293954980}.Debug|Any CPU.ActiveCfg = Debug|Any CPU
		{1906056D-2EA7-4C2E-BF94-1FE293954980}.Debug|Any CPU.Build.0 = Debug|Any CPU
		{1906056D-2EA7-4C2E-BF94-1FE293954980}.Debug|x64.ActiveCfg = Debug|Any CPU
		{1906056D-2EA7-4C2E-BF94-1FE293954980}.Debug|x64.Build.0 = Debug|Any CPU
		{1906056D-2EA7-4C2E-BF94-1FE293954980}.Debug|x86.ActiveCfg = Debug|Any CPU
		{1906056D-2EA7-4C2E-BF94-1FE293954980}.Debug|x86.Build.0 = Debug|Any CPU
		{1906056D-2EA7-4C2E-BF94-1FE293954980}.Release|Any CPU.ActiveCfg = Release|Any CPU
		{1906056D-2EA7-4C2E-BF94-1FE293954980}.Release|Any CPU.Build.0 = Release|Any CPU
		{1906056D-2EA7-4C2E-BF94-1FE293954980}.Release|x64.ActiveCfg = Release|Any CPU
		{1906056D-2EA7-4C2E-BF94-1FE293954980}.Release|x64.Build.0 = Release|Any CPU
		{1906056D-2EA7-4C2E-BF94-1FE293954980}.Release|x86.ActiveCfg = Release|Any CPU
		{1906056D-2EA7-4C2E-BF94-1FE293954980}.Release|x86.Build.0 = Release|Any CPU
	EndGlobalSection
	GlobalSection(SolutionProperties) = preSolution
		HideSolutionNode = FALSE
	EndGlobalSection
	GlobalSection(NestedProjects) = preSolution
		{2FE087B4-F2EE-4E41-80C8-5501061B960E} = {827E0CD3-B72D-47B6-A68D-7590B98EB39B}
		{111B6CDA-15E8-407A-8398-8B4EFE9BCDC2} = {827E0CD3-B72D-47B6-A68D-7590B98EB39B}
		{4106FEDC-E077-4EC2-885D-A0BF1D44A4C5} = {827E0CD3-B72D-47B6-A68D-7590B98EB39B}
		{4CBA24B5-39B8-43DD-B7BA-C29D53316DDE} = {827E0CD3-B72D-47B6-A68D-7590B98EB39B}
		{1906056D-2EA7-4C2E-BF94-1FE293954980} = {0AB3BF05-4346-4AA6-1389-037BE0695223}
	EndGlobalSection
EndGlobal
